// !$*UTF8*$!
{
	archiveVersion = 1;
	classes = {
	};
	objectVersion = 46;
	objects = {

/* Begin PBXBuildFile section */
		5C542AF41F70657B00B7D7D8 /* AppDelegate.swift in Sources */ = {isa = PBXBuildFile; fileRef = 5C542AF31F70657B00B7D7D8 /* AppDelegate.swift */; };
		5C542AF61F70657B00B7D7D8 /* ViewController.swift in Sources */ = {isa = PBXBuildFile; fileRef = 5C542AF51F70657B00B7D7D8 /* ViewController.swift */; };
		5C542AF91F70657B00B7D7D8 /* Main.storyboard in Resources */ = {isa = PBXBuildFile; fileRef = 5C542AF71F70657B00B7D7D8 /* Main.storyboard */; };
		5C542AFC1F70657B00B7D7D8 /* Map_Kit.xcdatamodeld in Sources */ = {isa = PBXBuildFile; fileRef = 5C542AFA1F70657B00B7D7D8 /* Map_Kit.xcdatamodeld */; };
		5C542AFE1F70657B00B7D7D8 /* Assets.xcassets in Resources */ = {isa = PBXBuildFile; fileRef = 5C542AFD1F70657B00B7D7D8 /* Assets.xcassets */; };
		5C542B011F70657B00B7D7D8 /* LaunchScreen.storyboard in Resources */ = {isa = PBXBuildFile; fileRef = 5C542AFF1F70657B00B7D7D8 /* LaunchScreen.storyboard */; };
		5C542B0D1F70660800B7D7D8 /* CustomeView.swift in Sources */ = {isa = PBXBuildFile; fileRef = 5C542B0C1F70660800B7D7D8 /* CustomeView.swift */; };
		5C542B0F1F70665C00B7D7D8 /* File.swift in Sources */ = {isa = PBXBuildFile; fileRef = 5C542B0E1F70665C00B7D7D8 /* File.swift */; };
		5C542B111F70681200B7D7D8 /* CustomButton.swift in Sources */ = {isa = PBXBuildFile; fileRef = 5C542B101F70681200B7D7D8 /* CustomButton.swift */; };
		5C542B131F707DBA00B7D7D8 /* Map.swift in Sources */ = {isa = PBXBuildFile; fileRef = 5C542B121F707DBA00B7D7D8 /* Map.swift */; };
		5C542B151F707DD600B7D7D8 /* Rout.swift in Sources */ = {isa = PBXBuildFile; fileRef = 5C542B141F707DD600B7D7D8 /* Rout.swift */; };
		5C5925D51F7AE7DB00EE952D /* Spot.swift in Sources */ = {isa = PBXBuildFile; fileRef = 5C5925D41F7AE7DB00EE952D /* Spot.swift */; };
/* End PBXBuildFile section */

/* Begin PBXFileReference section */
		5C542AF01F70657B00B7D7D8 /* Map Kit.app */ = {isa = PBXFileReference; explicitFileType = wrapper.application; includeInIndex = 0; path = "Map Kit.app"; sourceTree = BUILT_PRODUCTS_DIR; };
		5C542AF31F70657B00B7D7D8 /* AppDelegate.swift */ = {isa = PBXFileReference; lastKnownFileType = sourcecode.swift; path = AppDelegate.swift; sourceTree = "<group>"; };
		5C542AF51F70657B00B7D7D8 /* ViewController.swift */ = {isa = PBXFileReference; lastKnownFileType = sourcecode.swift; path = ViewController.swift; sourceTree = "<group>"; };
		5C542AF81F70657B00B7D7D8 /* Base */ = {isa = PBXFileReference; lastKnownFileType = file.storyboard; name = Base; path = Base.lproj/Main.storyboard; sourceTree = "<group>"; };
		5C542AFB1F70657B00B7D7D8 /* Map_Kit.xcdatamodel */ = {isa = PBXFileReference; lastKnownFileType = wrapper.xcdatamodel; path = Map_Kit.xcdatamodel; sourceTree = "<group>"; };
		5C542AFD1F70657B00B7D7D8 /* Assets.xcassets */ = {isa = PBXFileReference; lastKnownFileType = folder.assetcatalog; path = Assets.xcassets; sourceTree = "<group>"; };
		5C542B001F70657B00B7D7D8 /* Base */ = {isa = PBXFileReference; lastKnownFileType = file.storyboard; name = Base; path = Base.lproj/LaunchScreen.storyboard; sourceTree = "<group>"; };
		5C542B021F70657B00B7D7D8 /* Info.plist */ = {isa = PBXFileReference; lastKnownFileType = text.plist.xml; path = Info.plist; sourceTree = "<group>"; };
		5C542B0C1F70660800B7D7D8 /* CustomeView.swift */ = {isa = PBXFileReference; fileEncoding = 4; lastKnownFileType = sourcecode.swift; path = CustomeView.swift; sourceTree = "<group>"; };
		5C542B0E1F70665C00B7D7D8 /* File.swift */ = {isa = PBXFileReference; fileEncoding = 4; lastKnownFileType = sourcecode.swift; path = File.swift; sourceTree = "<group>"; };
		5C542B101F70681200B7D7D8 /* CustomButton.swift */ = {isa = PBXFileReference; fileEncoding = 4; lastKnownFileType = sourcecode.swift; path = CustomButton.swift; sourceTree = "<group>"; };
		5C542B121F707DBA00B7D7D8 /* Map.swift */ = {isa = PBXFileReference; fileEncoding = 4; lastKnownFileType = sourcecode.swift; path = Map.swift; sourceTree = "<group>"; };
		5C542B141F707DD600B7D7D8 /* Rout.swift */ = {isa = PBXFileReference; fileEncoding = 4; lastKnownFileType = sourcecode.swift; path = Rout.swift; sourceTree = "<group>"; };
		5C5925D41F7AE7DB00EE952D /* Spot.swift */ = {isa = PBXFileReference; lastKnownFileType = sourcecode.swift; path = Spot.swift; sourceTree = "<group>"; };
/* End PBXFileReference section */

/* Begin PBXFrameworksBuildPhase section */
		5C542AED1F70657B00B7D7D8 /* Frameworks */ = {
			isa = PBXFrameworksBuildPhase;
			buildActionMask = 2147483647;
			files = (
			);
			runOnlyForDeploymentPostprocessing = 0;
		};
/* End PBXFrameworksBuildPhase section */

/* Begin PBXGroup section */
		5C542AE71F70657B00B7D7D8 = {
			isa = PBXGroup;
			children = (
				5C542AF21F70657B00B7D7D8 /* Map Kit */,
				5C542AF11F70657B00B7D7D8 /* Products */,
			);
			sourceTree = "<group>";
		};
		5C542AF11F70657B00B7D7D8 /* Products */ = {
			isa = PBXGroup;
			children = (
				5C542AF01F70657B00B7D7D8 /* Map Kit.app */,
			);
			name = Products;
			sourceTree = "<group>";
		};
		5C542AF21F70657B00B7D7D8 /* Map Kit */ = {
			isa = PBXGroup;
			children = (
				5C542B0B1F7065C100B7D7D8 /* Util */,
				5C542B0A1F7065B700B7D7D8 /* Controller */,
				5C542B091F7065A900B7D7D8 /* View */,
				5C542B081F70659B00B7D7D8 /* Model */,
				5C542AF31F70657B00B7D7D8 /* AppDelegate.swift */,
				5C542AF71F70657B00B7D7D8 /* Main.storyboard */,
				5C542AFD1F70657B00B7D7D8 /* Assets.xcassets */,
				5C542AFF1F70657B00B7D7D8 /* LaunchScreen.storyboard */,
				5C542B021F70657B00B7D7D8 /* Info.plist */,
				5C542AFA1F70657B00B7D7D8 /* Map_Kit.xcdatamodeld */,
			);
			path = "Map Kit";
			sourceTree = "<group>";
		};
		5C542B081F70659B00B7D7D8 /* Model */ = {
			isa = PBXGroup;
			children = (
				5C5925D41F7AE7DB00EE952D /* Spot.swift */,
			);
			name = Model;
			sourceTree = "<group>";
		};
		5C542B091F7065A900B7D7D8 /* View */ = {
			isa = PBXGroup;
			children = (
				5C542B0C1F70660800B7D7D8 /* CustomeView.swift */,
				5C542B101F70681200B7D7D8 /* CustomButton.swift */,
			);
			name = View;
			sourceTree = "<group>";
		};
		5C542B0A1F7065B700B7D7D8 /* Controller */ = {
			isa = PBXGroup;
			children = (
				5C542AF51F70657B00B7D7D8 /* ViewController.swift */,
				5C542B121F707DBA00B7D7D8 /* Map.swift */,
				5C542B141F707DD600B7D7D8 /* Rout.swift */,
			);
			name = Controller;
			sourceTree = "<group>";
		};
		5C542B0B1F7065C100B7D7D8 /* Util */ = {
			isa = PBXGroup;
			children = (
				5C542B0E1F70665C00B7D7D8 /* File.swift */,
			);
			name = Util;
			sourceTree = "<group>";
		};
/* End PBXGroup section */

/* Begin PBXNativeTarget section */
		5C542AEF1F70657B00B7D7D8 /* Map Kit */ = {
			isa = PBXNativeTarget;
			buildConfigurationList = 5C542B051F70657B00B7D7D8 /* Build configuration list for PBXNativeTarget "Map Kit" */;
			buildPhases = (
				5C542AEC1F70657B00B7D7D8 /* Sources */,
				5C542AED1F70657B00B7D7D8 /* Frameworks */,
				5C542AEE1F70657B00B7D7D8 /* Resources */,
			);
			buildRules = (
			);
			dependencies = (
			);
			name = "Map Kit";
			productName = "Map Kit";
			productReference = 5C542AF01F70657B00B7D7D8 /* Map Kit.app */;
			productType = "com.apple.product-type.application";
		};
/* End PBXNativeTarget section */

/* Begin PBXProject section */
		5C542AE81F70657B00B7D7D8 /* Project object */ = {
			isa = PBXProject;
			attributes = {
				LastSwiftUpdateCheck = 0830;
				LastUpgradeCheck = 0830;
				ORGANIZATIONNAME = "Maryam Jafari";
				TargetAttributes = {
					5C542AEF1F70657B00B7D7D8 = {
						CreatedOnToolsVersion = 8.3.3;
						DevelopmentTeam = UF5CTWS5JD;
						ProvisioningStyle = Automatic;
					};
				};
			};
			buildConfigurationList = 5C542AEB1F70657B00B7D7D8 /* Build configuration list for PBXProject "Map Kit" */;
			compatibilityVersion = "Xcode 3.2";
			developmentRegion = English;
			hasScannedForEncodings = 0;
			knownRegions = (
				en,
				Base,
			);
			mainGroup = 5C542AE71F70657B00B7D7D8;
			productRefGroup = 5C542AF11F70657B00B7D7D8 /* Products */;
			projectDirPath = "";
			projectRoot = "";
			targets = (
				5C542AEF1F70657B00B7D7D8 /* Map Kit */,
			);
		};
/* End PBXProject section */

/* Begin PBXResourcesBuildPhase section */
		5C542AEE1F70657B00B7D7D8 /* Resources */ = {
			isa = PBXResourcesBuildPhase;
			buildActionMask = 2147483647;
			files = (
				5C542B011F70657B00B7D7D8 /* LaunchScreen.storyboard in Resources */,
				5C542AFE1F70657B00B7D7D8 /* Assets.xcassets in Resources */,
				5C542AF91F70657B00B7D7D8 /* Main.storyboard in Resources */,
			);
			runOnlyForDeploymentPostprocessing = 0;
		};
/* End PBXResourcesBuildPhase section */

/* Begin PBXSourcesBuildPhase section */
		5C542AEC1F70657B00B7D7D8 /* Sources */ = {
			isa = PBXSourcesBuildPhase;
			buildActionMask = 2147483647;
			files = (
				5C542B0F1F70665C00B7D7D8 /* File.swift in Sources */,
				5C542AF61F70657B00B7D7D8 /* ViewController.swift in Sources */,
				5C542B111F70681200B7D7D8 /* CustomButton.swift in Sources */,
				5C542B131F707DBA00B7D7D8 /* Map.swift in Sources */,
				5C542AFC1F70657B00B7D7D8 /* Map_Kit.xcdatamodeld in Sources */,
				5C542AF41F70657B00B7D7D8 /* AppDelegate.swift in Sources */,
				5C542B0D1F70660800B7D7D8 /* CustomeView.swift in Sources */,
				5C5925D51F7AE7DB00EE952D /* Spot.swift in Sources */,
				5C542B151F707DD600B7D7D8 /* Rout.swift in Sources */,
			);
			runOnlyForDeploymentPostprocessing = 0;
		};
/* End PBXSourcesBuildPhase section */

/* Begin PBXVariantGroup section */
		5C542AF71F70657B00B7D7D8 /* Main.storyboard */ = {
			isa = PBXVariantGroup;
			children = (
				5C542AF81F70657B00B7D7D8 /* Base */,
			);
			name = Main.storyboard;
			sourceTree = "<group>";
		};
		5C542AFF1F70657B00B7D7D8 /* LaunchScreen.storyboard */ = {
			isa = PBXVariantGroup;
			children = (
				5C542B001F70657B00B7D7D8 /* Base */,
			);
			name = LaunchScreen.storyboard;
			sourceTree = "<group>";
		};
/* End PBXVariantGroup section */

/* Begin XCBuildConfiguration section */
		5C542B031F70657B00B7D7D8 /* Debug */ = {
			isa = XCBuildConfiguration;
			buildSettings = {
				ALWAYS_SEARCH_USER_PATHS = NO;
				CLANG_ANALYZER_NONNULL = YES;
				CLANG_ANALYZER_NUMBER_OBJECT_CONVERSION = YES_AGGRESSIVE;
				CLANG_CXX_LANGUAGE_STANDARD = "gnu++0x";
				CLANG_CXX_LIBRARY = "libc++";
				CLANG_ENABLE_MODULES = YES;
				CLANG_ENABLE_OBJC_ARC = YES;
				CLANG_WARN_BOOL_CONVERSION = YES;
				CLANG_WARN_CONSTANT_CONVERSION = YES;
				CLANG_WARN_DIRECT_OBJC_ISA_USAGE = YES_ERROR;
				CLANG_WARN_DOCUMENTATION_COMMENTS = YES;
				CLANG_WARN_EMPTY_BODY = YES;
				CLANG_WARN_ENUM_CONVERSION = YES;
				CLANG_WARN_INFINITE_RECURSION = YES;
				CLANG_WARN_INT_CONVERSION = YES;
				CLANG_WARN_OBJC_ROOT_CLASS = YES_ERROR;
				CLANG_WARN_SUSPICIOUS_MOVE = YES;
				CLANG_WARN_UNREACHABLE_CODE = YES;
				CLANG_WARN__DUPLICATE_METHOD_MATCH = YES;
				"CODE_SIGN_IDENTITY[sdk=iphoneos*]" = "iPhone Developer";
				COPY_PHASE_STRIP = NO;
				DEBUG_INFORMATION_FORMAT = dwarf;
				ENABLE_STRICT_OBJC_MSGSEND = YES;
				ENABLE_TESTABILITY = YES;
				GCC_C_LANGUAGE_STANDARD = gnu99;
				GCC_DYNAMIC_NO_PIC = NO;
				GCC_NO_COMMON_BLOCKS = YES;
				GCC_OPTIMIZATION_LEVEL = 0;
				GCC_PREPROCESSOR_DEFINITIONS = (
					"DEBUG=1",
					"$(inherited)",
				);
				GCC_WARN_64_TO_32_BIT_CONVERSION = YES;
				GCC_WARN_ABOUT_RETURN_TYPE = YES_ERROR;
				GCC_WARN_UNDECLARED_SELECTOR = YES;
				GCC_WARN_UNINITIALIZED_AUTOS = YES_AGGRESSIVE;
				GCC_WARN_UNUSED_FUNCTION = YES;
				GCC_WARN_UNUSED_VARIABLE = YES;
				IPHONEOS_DEPLOYMENT_TARGET = 10.3;
				MTL_ENABLE_DEBUG_INFO = YES;
				ONLY_ACTIVE_ARCH = YES;
				SDKROOT = iphoneos;
				SWIFT_ACTIVE_COMPILATION_CONDITIONS = DEBUG;
				SWIFT_OPTIMIZATION_LEVEL = "-Onone";
			};
			name = Debug;
		};
		5C542B041F70657B00B7D7D8 /* Release */ = {
			isa = XCBuildConfiguration;
			buildSettings = {
				ALWAYS_SEARCH_USER_PATHS = NO;
				CLANG_ANALYZER_NONNULL = YES;
				CLANG_ANALYZER_NUMBER_OBJECT_CONVERSION = YES_AGGRESSIVE;
				CLANG_CXX_LANGUAGE_STANDARD = "gnu++0x";
				CLANG_CXX_LIBRARY = "libc++";
				CLANG_ENABLE_MODULES = YES;
				CLANG_ENABLE_OBJC_ARC = YES;
				CLANG_WARN_BOOL_CONVERSION = YES;
				CLANG_WARN_CONSTANT_CONVERSION = YES;
				CLANG_WARN_DIRECT_OBJC_ISA_USAGE = YES_ERROR;
				CLANG_WARN_DOCUMENTATION_COMMENTS = YES;
				CLANG_WARN_EMPTY_BODY = YES;
				CLANG_WARN_ENUM_CONVERSION = YES;
				CLANG_WARN_INFINITE_RECURSION = YES;
				CLANG_WARN_INT_CONVERSION = YES;
				CLANG_WARN_OBJC_ROOT_CLASS = YES_ERROR;
				CLANG_WARN_SUSPICIOUS_MOVE = YES;
				CLANG_WARN_UNREACHABLE_CODE = YES;
				CLANG_WARN__DUPLICATE_METHOD_MATCH = YES;
				"CODE_SIGN_IDENTITY[sdk=iphoneos*]" = "iPhone Developer";
				COPY_PHASE_STRIP = NO;
				DEBUG_INFORMATION_FORMAT = "dwarf-with-dsym";
				ENABLE_NS_ASSERTIONS = NO;
				ENABLE_STRICT_OBJC_MSGSEND = YES;
				GCC_C_LANGUAGE_STANDARD = gnu99;
				GCC_NO_COMMON_BLOCKS = YES;
				GCC_WARN_64_TO_32_BIT_CONVERSION = YES;
				GCC_WARN_ABOUT_RETURN_TYPE = YES_ERROR;
				GCC_WARN_UNDECLARED_SELECTOR = YES;
				GCC_WARN_UNINITIALIZED_AUTOS = YES_AGGRESSIVE;
				GCC_WARN_UNUSED_FUNCTION = YES;
				GCC_WARN_UNUSED_VARIABLE = YES;
				IPHONEOS_DEPLOYMENT_TARGET = 10.3;
				MTL_ENABLE_DEBUG_INFO = NO;
				SDKROOT = iphoneos;
				SWIFT_OPTIMIZATION_LEVEL = "-Owholemodule";
				VALIDATE_PRODUCT = YES;
			};
			name = Release;
		};
		5C542B061F70657B00B7D7D8 /* Debug */ = {
			isa = XCBuildConfiguration;
			buildSettings = {
				ASSETCATALOG_COMPILER_APPICON_NAME = AppIcon;
				DEVELOPMENT_TEAM = UF5CTWS5JD;
				INFOPLIST_FILE = "Map Kit/Info.plist";
				LD_RUNPATH_SEARCH_PATHS = "$(inherited) @executable_path/Frameworks";
				PRODUCT_BUNDLE_IDENTIFIER = "maryam.Map-Kit";
				PRODUCT_NAME = "$(TARGET_NAME)";
				SWIFT_VERSION = 3.0;
			};
			name = Debug;
		};
		5C542B071F70657B00B7D7D8 /* Release */ = {
			isa = XCBuildConfiguration;
			buildSettings = {
				ASSETCATALOG_COMPILER_APPICON_NAME = AppIcon;
				DEVELOPMENT_TEAM = UF5CTWS5JD;
				INFOPLIST_FILE = "Map Kit/Info.plist";
				LD_RUNPATH_SEARCH_PATHS = "$(inherited) @executable_path/Frameworks";
				PRODUCT_BUNDLE_IDENTIFIER = "maryam.Map-Kit";
				PRODUCT_NAME = "$(TARGET_NAME)";
				SWIFT_VERSION = 3.0;
			};
			name = Release;
		};
/* End XCBuildConfiguration section */

/* Begin XCConfigurationList section */
		5C542AEB1F70657B00B7D7D8 /* Build configuration list for PBXProject "Map Kit" */ = {
			isa = XCConfigurationList;
			buildConfigurations = (
				5C542B031F70657B00B7D7D8 /* Debug */,
				5C542B041F70657B00B7D7D8 /* Release */,
			);
			defaultConfigurationIsVisible = 0;
			defaultConfigurationName = Release;
		};
		5C542B051F70657B00B7D7D8 /* Build configuration list for PBXNativeTarget "Map Kit" */ = {
			isa = XCConfigurationList;
			buildConfigurations = (
				5C542B061F70657B00B7D7D8 /* Debug */,
				5C542B071F70657B00B7D7D8 /* Release */,
			);
			defaultConfigurationIsVisible = 0;
			defaultConfigurationName = Release;
		};
/* End XCConfigurationList section */

/* Begin XCVersionGroup section */
		5C542AFA1F70657B00B7D7D8 /* Map_Kit.xcdatamodeld */ = {
			isa = XCVersionGroup;
			children = (
				5C542AFB1F70657B00B7D7D8 /* Map_Kit.xcdatamodel */,
			);
			currentVersion = 5C542AFB1F70657B00B7D7D8 /* Map_Kit.xcdatamodel */;
			path = Map_Kit.xcdatamodeld;
			sourceTree = "<group>";
			versionGroupType = wrapper.xcdatamodel;
		};
/* End XCVersionGroup section */
	};
	rootObject = 5C542AE81F70657B00B7D7D8 /* Project object */;
}
